
Microsoft Visual Studio Solution File, Format Version 12.00
# Visual Studio Version 17
VisualStudioVersion = 17.0.31903.59
MinimumVisualStudioVersion = 10.0.40219.1
Project("{FAE04EC0-301F-11D3-BF4B-00C04F79EFBC}") = "MailScanner.Connector", "MailScanner.Connector\MailScanner.Connector.csproj", "{D5BBB947-D80D-4F22-ABED-0E7098D14C9A}"
EndProject
Project("{FAE04EC0-301F-11D3-BF4B-00C04F79EFBC}") = "MailScanner.Shared", "MailScanner.Shared\MailScanner.Shared.csproj", "{A5273676-5891-4904-8D3B-04BC559EDB37}"
EndProject
Project("{FAE04EC0-301F-11D3-BF4B-00C04F79EFBC}") = "MailScanner.Api", "MailScanner.Api\MailScanner.Api.csproj", "{041E4BC8-6301-4F4D-8835-DBC1FAD48EE4}"
EndProject
Project("{FAE04EC0-301F-11D3-BF4B-00C04F79EFBC}") = "MailScanner.Frontend", "MailScanner.Frontend\MailScanner.Frontend.csproj", "{CE3859A1-D461-4942-9E1E-CCB997ACFAB3}"
EndProject
Global
	GlobalSection(SolutionConfigurationPlatforms) = preSolution
		Debug|Any CPU = Debug|Any CPU
		Release|Any CPU = Release|Any CPU
	EndGlobalSection
	GlobalSection(SolutionProperties) = preSolution
		HideSolutionNode = FALSE
	EndGlobalSection
	GlobalSection(ProjectConfigurationPlatforms) = postSolution
		{D5BBB947-D80D-4F22-ABED-0E7098D14C9A}.Debug|Any CPU.ActiveCfg = Debug|Any CPU
		{D5BBB947-D80D-4F22-ABED-0E7098D14C9A}.Debug|Any CPU.Build.0 = Debug|Any CPU
		{D5BBB947-D80D-4F22-ABED-0E7098D14C9A}.Release|Any CPU.ActiveCfg = Release|Any CPU
		{D5BBB947-D80D-4F22-ABED-0E7098D14C9A}.Release|Any CPU.Build.0 = Release|Any CPU
		{A5273676-5891-4904-8D3B-04BC559EDB37}.Debug|Any CPU.ActiveCfg = Debug|Any CPU
		{A5273676-5891-4904-8D3B-04BC559EDB37}.Debug|Any CPU.Build.0 = Debug|Any CPU
		{A5273676-5891-4904-8D3B-04BC559EDB37}.Release|Any CPU.ActiveCfg = Release|Any CPU
		{A5273676-5891-4904-8D3B-04BC559EDB37}.Release|Any CPU.Build.0 = Release|Any CPU
		{041E4BC8-6301-4F4D-8835-DBC1FAD48EE4}.Debug|Any CPU.ActiveCfg = Debug|Any CPU
		{041E4BC8-6301-4F4D-8835-DBC1FAD48EE4}.Debug|Any CPU.Build.0 = Debug|Any CPU
		{041E4BC8-6301-4F4D-8835-DBC1FAD48EE4}.Release|Any CPU.ActiveCfg = Release|Any CPU
		{041E4BC8-6301-4F4D-8835-DBC1FAD48EE4}.Release|Any CPU.Build.0 = Release|Any CPU
		{CE3859A1-D461-4942-9E1E-CCB997ACFAB3}.Debug|Any CPU.ActiveCfg = Debug|Any CPU
		{CE3859A1-D461-4942-9E1E-CCB997ACFAB3}.Debug|Any CPU.Build.0 = Debug|Any CPU
		{CE3859A1-D461-4942-9E1E-CCB997ACFAB3}.Release|Any CPU.ActiveCfg = Release|Any CPU
		{CE3859A1-D461-4942-9E1E-CCB997ACFAB3}.Release|Any CPU.Build.0 = Release|Any CPU
	EndGlobalSection
EndGlobal
